
Microsoft Visual Studio Solution File, Format Version 12.00
# Visual Studio Version 16
VisualStudioVersion = 16.0.29806.167
MinimumVisualStudioVersion = 10.0.40219.1
Project("{9A19103F-16F7-4668-BE54-9A1E7A4F7556}") = "TimetableManager.App", "TimetableManager\TimetableManager.App.csproj", "{40A0B2BF-AC80-4B13-BA75-805006403BA4}"
	ProjectSection(ProjectDependencies) = postProject
		{BA87782D-14D9-45FE-B9C6-F8D2272B7678} = {BA87782D-14D9-45FE-B9C6-F8D2272B7678}
	EndProjectSection
EndProject
Project("{9A19103F-16F7-4668-BE54-9A1E7A4F7556}") = "TimetableManager.Helpers", "TimetableManager.Services\TimetableManager.Helpers.csproj", "{BA87782D-14D9-45FE-B9C6-F8D2272B7678}"
	ProjectSection(ProjectDependencies) = postProject
		{BE0FE800-242B-4EDA-86F3-FC1ACD10DFDC} = {BE0FE800-242B-4EDA-86F3-FC1ACD10DFDC}
	EndProjectSection
EndProject
Project("{9A19103F-16F7-4668-BE54-9A1E7A4F7556}") = "TimetableManager.Repositories", "TimetableManager.Repositories\TimetableManager.Repositories.csproj", "{BE0FE800-242B-4EDA-86F3-FC1ACD10DFDC}"
EndProject
Project("{9A19103F-16F7-4668-BE54-9A1E7A4F7556}") = "TimetableManager.UnitTests", "TimetableManager.UnitTests\TimetableManager.UnitTests.csproj", "{F055EFA4-681A-4959-BCF9-FC0667D8229B}"
EndProject
Global
	GlobalSection(SolutionConfigurationPlatforms) = preSolution
		Debug|Any CPU = Debug|Any CPU
		Release|Any CPU = Release|Any CPU
	EndGlobalSection
	GlobalSection(ProjectConfigurationPlatforms) = postSolution
		{40A0B2BF-AC80-4B13-BA75-805006403BA4}.Debug|Any CPU.ActiveCfg = Debug|Any CPU
		{40A0B2BF-AC80-4B13-BA75-805006403BA4}.Debug|Any CPU.Build.0 = Debug|Any CPU
		{40A0B2BF-AC80-4B13-BA75-805006403BA4}.Release|Any CPU.ActiveCfg = Release|Any CPU
		{40A0B2BF-AC80-4B13-BA75-805006403BA4}.Release|Any CPU.Build.0 = Release|Any CPU
		{BA87782D-14D9-45FE-B9C6-F8D2272B7678}.Debug|Any CPU.ActiveCfg = Debug|Any CPU
		{BA87782D-14D9-45FE-B9C6-F8D2272B7678}.Debug|Any CPU.Build.0 = Debug|Any CPU
		{BA87782D-14D9-45FE-B9C6-F8D2272B7678}.Release|Any CPU.ActiveCfg = Release|Any CPU
		{BA87782D-14D9-45FE-B9C6-F8D2272B7678}.Release|Any CPU.Build.0 = Release|Any CPU
		{BE0FE800-242B-4EDA-86F3-FC1ACD10DFDC}.Debug|Any CPU.ActiveCfg = Debug|Any CPU
		{BE0FE800-242B-4EDA-86F3-FC1ACD10DFDC}.Debug|Any CPU.Build.0 = Debug|Any CPU
		{BE0FE800-242B-4EDA-86F3-FC1ACD10DFDC}.Release|Any CPU.ActiveCfg = Release|Any CPU
		{BE0FE800-242B-4EDA-86F3-FC1ACD10DFDC}.Release|Any CPU.Build.0 = Release|Any CPU
		{F055EFA4-681A-4959-BCF9-FC0667D8229B}.Debug|Any CPU.ActiveCfg = Debug|Any CPU
		{F055EFA4-681A-4959-BCF9-FC0667D8229B}.Debug|Any CPU.Build.0 = Debug|Any CPU
		{F055EFA4-681A-4959-BCF9-FC0667D8229B}.Release|Any CPU.ActiveCfg = Release|Any CPU
		{F055EFA4-681A-4959-BCF9-FC0667D8229B}.Release|Any CPU.Build.0 = Release|Any CPU
	EndGlobalSection
	GlobalSection(SolutionProperties) = preSolution
		HideSolutionNode = FALSE
	EndGlobalSection
	GlobalSection(ExtensibilityGlobals) = postSolution
		SolutionGuid = {0E1C378E-D2BB-4183-B918-DC03ACF7AAB0}
	EndGlobalSection
EndGlobal
